PODS:
  - SJSegmentedScrollView (1.3.5)

DEPENDENCIES:
  - SJSegmentedScrollView (from `../`)

EXTERNAL SOURCES:
  SJSegmentedScrollView:
    :path: "../"

SPEC CHECKSUMS:
  SJSegmentedScrollView: 6382d476498098ff3170eb8593a2b855dbbdb9e0

PODFILE CHECKSUM: fec3a847c9c6d52143926f631d13ea1d111ebca0

COCOAPODS: 1.2.1
