PODS:
  - SJSegmentedScrollView (1.3.9)

DEPENDENCIES:
  - SJSegmentedScrollView (from `../`)

EXTERNAL SOURCES:
  SJSegmentedScrollView:
    :path: "../"

SPEC CHECKSUMS:
  SJSegmentedScrollView: c0060ff2df5de621c4f7f2b2dc6c3d12dbcb5353

PODFILE CHECKSUM: e226e41b52abc228846f2f327774db2d17f87ac4

COCOAPODS: 1.5.3
